
Microsoft Visual Studio Solution File, Format Version 12.00
# Visual Studio 2013
VisualStudioVersion = 12.0.31101.0
MinimumVisualStudioVersion = 10.0.40219.1
Project("{8BC9CEB8-8B4A-11D0-8D11-00A0C91BC942}") = "indexer", "indexer\indexer.vcxproj", "{A180A5A2-A637-4FF2-A2EC-EF057C5C89EF}"
EndProject
Project("{8BC9CEB8-8B4A-11D0-8D11-00A0C91BC942}") = "jsonrpcserver", "libs\jsonrpcserver\jsonrpcserver.vcxproj", "{9E1232C0-6D3A-4DBB-A636-72F5C4FB13E8}"
EndProject
Project("{8BC9CEB8-8B4A-11D0-8D11-00A0C91BC942}") = "lightspeed-15.01", "libs\lightspeed\lightspeed.vcxproj", "{9200DF2A-2CE6-41FC-B6BF-EF7DE0DC95F6}"
EndProject
Global
	GlobalSection(SolutionConfigurationPlatforms) = preSolution
		Debug Static|Win32 = Debug Static|Win32
		Debug|Win32 = Debug|Win32
		Release Static|Win32 = Release Static|Win32
		Release|Win32 = Release|Win32
	EndGlobalSection
	GlobalSection(ProjectConfigurationPlatforms) = postSolution
		{A180A5A2-A637-4FF2-A2EC-EF057C5C89EF}.Debug Static|Win32.ActiveCfg = Debug|Win32
		{A180A5A2-A637-4FF2-A2EC-EF057C5C89EF}.Debug Static|Win32.Build.0 = Debug|Win32
		{A180A5A2-A637-4FF2-A2EC-EF057C5C89EF}.Debug|Win32.ActiveCfg = Debug|Win32
		{A180A5A2-A637-4FF2-A2EC-EF057C5C89EF}.Debug|Win32.Build.0 = Debug|Win32
		{A180A5A2-A637-4FF2-A2EC-EF057C5C89EF}.Release Static|Win32.ActiveCfg = Release|Win32
		{A180A5A2-A637-4FF2-A2EC-EF057C5C89EF}.Release Static|Win32.Build.0 = Release|Win32
		{A180A5A2-A637-4FF2-A2EC-EF057C5C89EF}.Release|Win32.ActiveCfg = Release|Win32
		{A180A5A2-A637-4FF2-A2EC-EF057C5C89EF}.Release|Win32.Build.0 = Release|Win32
		{9E1232C0-6D3A-4DBB-A636-72F5C4FB13E8}.Debug Static|Win32.ActiveCfg = Debug|Win32
		{9E1232C0-6D3A-4DBB-A636-72F5C4FB13E8}.Debug Static|Win32.Build.0 = Debug|Win32
		{9E1232C0-6D3A-4DBB-A636-72F5C4FB13E8}.Debug|Win32.ActiveCfg = Debug|Win32
		{9E1232C0-6D3A-4DBB-A636-72F5C4FB13E8}.Debug|Win32.Build.0 = Debug|Win32
		{9E1232C0-6D3A-4DBB-A636-72F5C4FB13E8}.Release Static|Win32.ActiveCfg = Release|Win32
		{9E1232C0-6D3A-4DBB-A636-72F5C4FB13E8}.Release Static|Win32.Build.0 = Release|Win32
		{9E1232C0-6D3A-4DBB-A636-72F5C4FB13E8}.Release|Win32.ActiveCfg = Release|Win32
		{9E1232C0-6D3A-4DBB-A636-72F5C4FB13E8}.Release|Win32.Build.0 = Release|Win32
		{9200DF2A-2CE6-41FC-B6BF-EF7DE0DC95F6}.Debug Static|Win32.ActiveCfg = Debug Static|Win32
		{9200DF2A-2CE6-41FC-B6BF-EF7DE0DC95F6}.Debug Static|Win32.Build.0 = Debug Static|Win32
		{9200DF2A-2CE6-41FC-B6BF-EF7DE0DC95F6}.Debug|Win32.ActiveCfg = Debug|Win32
		{9200DF2A-2CE6-41FC-B6BF-EF7DE0DC95F6}.Debug|Win32.Build.0 = Debug|Win32
		{9200DF2A-2CE6-41FC-B6BF-EF7DE0DC95F6}.Release Static|Win32.ActiveCfg = Release Static|Win32
		{9200DF2A-2CE6-41FC-B6BF-EF7DE0DC95F6}.Release Static|Win32.Build.0 = Release Static|Win32
		{9200DF2A-2CE6-41FC-B6BF-EF7DE0DC95F6}.Release|Win32.ActiveCfg = Release|Win32
		{9200DF2A-2CE6-41FC-B6BF-EF7DE0DC95F6}.Release|Win32.Build.0 = Release|Win32
	EndGlobalSection
	GlobalSection(SolutionProperties) = preSolution
		HideSolutionNode = FALSE
	EndGlobalSection
EndGlobal
